// !$*UTF8*$!
{
	archiveVersion = 1;
	classes = {
	};
	objectVersion = 60;
	objects = {

/* Begin PBXBuildFile section */
		29135B852BD1340B0004A8EC /* AppDelegate.swift in Sources */ = {isa = PBXBuildFile; fileRef = 29135B842BD1340B0004A8EC /* AppDelegate.swift */; };
		29135B872BD1340B0004A8EC /* SceneDelegate.swift in Sources */ = {isa = PBXBuildFile; fileRef = 29135B862BD1340B0004A8EC /* SceneDelegate.swift */; };
		29135B892BD1340B0004A8EC /* ViewController.swift in Sources */ = {isa = PBXBuildFile; fileRef = 29135B882BD1340B0004A8EC /* ViewController.swift */; };
		29135B8C2BD1340B0004A8EC /* Main.storyboard in Resources */ = {isa = PBXBuildFile; fileRef = 29135B8A2BD1340B0004A8EC /* Main.storyboard */; };
		29135B8E2BD1340D0004A8EC /* Assets.xcassets in Resources */ = {isa = PBXBuildFile; fileRef = 29135B8D2BD1340D0004A8EC /* Assets.xcassets */; };
		29135B912BD1340D0004A8EC /* LaunchScreen.storyboard in Resources */ = {isa = PBXBuildFile; fileRef = 29135B8F2BD1340D0004A8EC /* LaunchScreen.storyboard */; };
		29135B9C2BD1340D0004A8EC /* selectLanguageAppTests.swift in Sources */ = {isa = PBXBuildFile; fileRef = 29135B9B2BD1340D0004A8EC /* selectLanguageAppTests.swift */; };
		29135BA62BD1340D0004A8EC /* selectLanguageAppUITests.swift in Sources */ = {isa = PBXBuildFile; fileRef = 29135BA52BD1340D0004A8EC /* selectLanguageAppUITests.swift */; };
		29135BA82BD1340D0004A8EC /* selectLanguageAppUITestsLaunchTests.swift in Sources */ = {isa = PBXBuildFile; fileRef = 29135BA72BD1340D0004A8EC /* selectLanguageAppUITestsLaunchTests.swift */; };
		29135BC02BD139F10004A8EC /* Localizable.strings in Resources */ = {isa = PBXBuildFile; fileRef = 29135BC22BD139F10004A8EC /* Localizable.strings */; };
		29135BC52BD13A5D0004A8EC /* SelectLanguageViewController.swift in Sources */ = {isa = PBXBuildFile; fileRef = 29135BC42BD13A5D0004A8EC /* SelectLanguageViewController.swift */; };
		29135BC62BD13F8B0004A8EC /* Sheet.storyboard in Resources */ = {isa = PBXBuildFile; fileRef = 29135BC82BD13F8B0004A8EC /* Sheet.storyboard */; };
		2976EEAD2BD160C60039A327 /* IBUtil.swift in Sources */ = {isa = PBXBuildFile; fileRef = 2976EEAC2BD160C60039A327 /* IBUtil.swift */; };
		D0E789DAF16310FD3BF8A255 /* Pods_selectLanguageApp.framework in Frameworks */ = {isa = PBXBuildFile; fileRef = CDEAEA773FB5D906EC19BA55 /* Pods_selectLanguageApp.framework */; };
/* End PBXBuildFile section */

/* Begin PBXContainerItemProxy section */
		29135B982BD1340D0004A8EC /* PBXContainerItemProxy */ = {
			isa = PBXContainerItemProxy;
			containerPortal = 29135B792BD1340B0004A8EC /* Project object */;
			proxyType = 1;
			remoteGlobalIDString = 29135B802BD1340B0004A8EC;
			remoteInfo = selectLanguageApp;
		};
		29135BA22BD1340D0004A8EC /* PBXContainerItemProxy */ = {
			isa = PBXContainerItemProxy;
			containerPortal = 29135B792BD1340B0004A8EC /* Project object */;
			proxyType = 1;
			remoteGlobalIDString = 29135B802BD1340B0004A8EC;
			remoteInfo = selectLanguageApp;
		};
/* End PBXContainerItemProxy section */

/* Begin PBXFileReference section */
		29135B812BD1340B0004A8EC /* selectLanguageApp.app */ = {isa = PBXFileReference; explicitFileType = wrapper.application; includeInIndex = 0; path = selectLanguageApp.app; sourceTree = BUILT_PRODUCTS_DIR; };
		29135B842BD1340B0004A8EC /* AppDelegate.swift */ = {isa = PBXFileReference; lastKnownFileType = sourcecode.swift; path = AppDelegate.swift; sourceTree = "<group>"; };
		29135B862BD1340B0004A8EC /* SceneDelegate.swift */ = {isa = PBXFileReference; lastKnownFileType = sourcecode.swift; path = SceneDelegate.swift; sourceTree = "<group>"; };
		29135B882BD1340B0004A8EC /* ViewController.swift */ = {isa = PBXFileReference; lastKnownFileType = sourcecode.swift; path = ViewController.swift; sourceTree = "<group>"; };
		29135B8B2BD1340B0004A8EC /* Base */ = {isa = PBXFileReference; lastKnownFileType = file.storyboard; name = Base; path = Base.lproj/Main.storyboard; sourceTree = "<group>"; };
		29135B8D2BD1340D0004A8EC /* Assets.xcassets */ = {isa = PBXFileReference; lastKnownFileType = folder.assetcatalog; path = Assets.xcassets; sourceTree = "<group>"; };
		29135B902BD1340D0004A8EC /* Base */ = {isa = PBXFileReference; lastKnownFileType = file.storyboard; name = Base; path = Base.lproj/LaunchScreen.storyboard; sourceTree = "<group>"; };
		29135B922BD1340D0004A8EC /* Info.plist */ = {isa = PBXFileReference; lastKnownFileType = text.plist.xml; path = Info.plist; sourceTree = "<group>"; };
		29135B972BD1340D0004A8EC /* selectLanguageAppTests.xctest */ = {isa = PBXFileReference; explicitFileType = wrapper.cfbundle; includeInIndex = 0; path = selectLanguageAppTests.xctest; sourceTree = BUILT_PRODUCTS_DIR; };
		29135B9B2BD1340D0004A8EC /* selectLanguageAppTests.swift */ = {isa = PBXFileReference; lastKnownFileType = sourcecode.swift; path = selectLanguageAppTests.swift; sourceTree = "<group>"; };
		29135BA12BD1340D0004A8EC /* selectLanguageAppUITests.xctest */ = {isa = PBXFileReference; explicitFileType = wrapper.cfbundle; includeInIndex = 0; path = selectLanguageAppUITests.xctest; sourceTree = BUILT_PRODUCTS_DIR; };
		29135BA52BD1340D0004A8EC /* selectLanguageAppUITests.swift */ = {isa = PBXFileReference; lastKnownFileType = sourcecode.swift; path = selectLanguageAppUITests.swift; sourceTree = "<group>"; };
		29135BA72BD1340D0004A8EC /* selectLanguageAppUITestsLaunchTests.swift */ = {isa = PBXFileReference; lastKnownFileType = sourcecode.swift; path = selectLanguageAppUITestsLaunchTests.swift; sourceTree = "<group>"; };
		29135BBC2BD139CE0004A8EC /* ja */ = {isa = PBXFileReference; lastKnownFileType = text.plist.strings; name = ja; path = ja.lproj/LaunchScreen.strings; sourceTree = "<group>"; };
		29135BC12BD139F10004A8EC /* ja */ = {isa = PBXFileReference; lastKnownFileType = text.plist.strings; name = ja; path = ja.lproj/Localizable.strings; sourceTree = "<group>"; };
		29135BC32BD13A000004A8EC /* en */ = {isa = PBXFileReference; lastKnownFileType = text.plist.strings; name = en; path = en.lproj/Localizable.strings; sourceTree = "<group>"; };
		29135BC42BD13A5D0004A8EC /* SelectLanguageViewController.swift */ = {isa = PBXFileReference; lastKnownFileType = sourcecode.swift; path = SelectLanguageViewController.swift; sourceTree = "<group>"; };
		29135BC72BD13F8B0004A8EC /* Base */ = {isa = PBXFileReference; lastKnownFileType = file.storyboard; name = Base; path = Base.lproj/Sheet.storyboard; sourceTree = "<group>"; };
		29135BC92BD13F8B0004A8EC /* mul */ = {isa = PBXFileReference; lastKnownFileType = text.json.xcstrings; name = mul; path = mul.lproj/Sheet.xcstrings; sourceTree = "<group>"; };
		2976EEAC2BD160C60039A327 /* IBUtil.swift */ = {isa = PBXFileReference; lastKnownFileType = sourcecode.swift; path = IBUtil.swift; sourceTree = "<group>"; };
		C49AA40579ABF0D47B3141F2 /* Pods-selectLanguageApp.release.xcconfig */ = {isa = PBXFileReference; includeInIndex = 1; lastKnownFileType = text.xcconfig; name = "Pods-selectLanguageApp.release.xcconfig"; path = "Target Support Files/Pods-selectLanguageApp/Pods-selectLanguageApp.release.xcconfig"; sourceTree = "<group>"; };
		CDEAEA773FB5D906EC19BA55 /* Pods_selectLanguageApp.framework */ = {isa = PBXFileReference; explicitFileType = wrapper.framework; includeInIndex = 0; path = Pods_selectLanguageApp.framework; sourceTree = BUILT_PRODUCTS_DIR; };
		FA5DF5659D727636BEFD3AFB /* Pods-selectLanguageApp.debug.xcconfig */ = {isa = PBXFileReference; includeInIndex = 1; lastKnownFileType = text.xcconfig; name = "Pods-selectLanguageApp.debug.xcconfig"; path = "Target Support Files/Pods-selectLanguageApp/Pods-selectLanguageApp.debug.xcconfig"; sourceTree = "<group>"; };
/* End PBXFileReference section */

/* Begin PBXFrameworksBuildPhase section */
		29135B7E2BD1340B0004A8EC /* Frameworks */ = {
			isa = PBXFrameworksBuildPhase;
			buildActionMask = 2147483647;
			files = (
				D0E789DAF16310FD3BF8A255 /* Pods_selectLanguageApp.framework in Frameworks */,
			);
			runOnlyForDeploymentPostprocessing = 0;
		};
		29135B942BD1340D0004A8EC /* Frameworks */ = {
			isa = PBXFrameworksBuildPhase;
			buildActionMask = 2147483647;
			files = (
			);
			runOnlyForDeploymentPostprocessing = 0;
		};
		29135B9E2BD1340D0004A8EC /* Frameworks */ = {
			isa = PBXFrameworksBuildPhase;
			buildActionMask = 2147483647;
			files = (
			);
			runOnlyForDeploymentPostprocessing = 0;
		};
/* End PBXFrameworksBuildPhase section */

/* Begin PBXGroup section */
		26693930DD0AE72BB663BD47 /* Pods */ = {
			isa = PBXGroup;
			children = (
				FA5DF5659D727636BEFD3AFB /* Pods-selectLanguageApp.debug.xcconfig */,
				C49AA40579ABF0D47B3141F2 /* Pods-selectLanguageApp.release.xcconfig */,
			);
			path = Pods;
			sourceTree = "<group>";
		};
		271C22693CA7E6E870C5B8A8 /* Frameworks */ = {
			isa = PBXGroup;
			children = (
				CDEAEA773FB5D906EC19BA55 /* Pods_selectLanguageApp.framework */,
			);
			name = Frameworks;
			sourceTree = "<group>";
		};
		29135B782BD1340B0004A8EC = {
			isa = PBXGroup;
			children = (
				29135B832BD1340B0004A8EC /* selectLanguageApp */,
				29135B9A2BD1340D0004A8EC /* selectLanguageAppTests */,
				29135BA42BD1340D0004A8EC /* selectLanguageAppUITests */,
				29135B822BD1340B0004A8EC /* Products */,
				26693930DD0AE72BB663BD47 /* Pods */,
				271C22693CA7E6E870C5B8A8 /* Frameworks */,
			);
			sourceTree = "<group>";
		};
		29135B822BD1340B0004A8EC /* Products */ = {
			isa = PBXGroup;
			children = (
				29135B812BD1340B0004A8EC /* selectLanguageApp.app */,
				29135B972BD1340D0004A8EC /* selectLanguageAppTests.xctest */,
				29135BA12BD1340D0004A8EC /* selectLanguageAppUITests.xctest */,
			);
			name = Products;
			sourceTree = "<group>";
		};
		29135B832BD1340B0004A8EC /* selectLanguageApp */ = {
			isa = PBXGroup;
			children = (
				29135B842BD1340B0004A8EC /* AppDelegate.swift */,
				29135B862BD1340B0004A8EC /* SceneDelegate.swift */,
				29135BC42BD13A5D0004A8EC /* SelectLanguageViewController.swift */,
				29135B882BD1340B0004A8EC /* ViewController.swift */,
				29135B8A2BD1340B0004A8EC /* Main.storyboard */,
				29135B8D2BD1340D0004A8EC /* Assets.xcassets */,
				29135B8F2BD1340D0004A8EC /* LaunchScreen.storyboard */,
				29135B922BD1340D0004A8EC /* Info.plist */,
				29135BC82BD13F8B0004A8EC /* Sheet.storyboard */,
				29135BC22BD139F10004A8EC /* Localizable.strings */,
				2976EEAC2BD160C60039A327 /* IBUtil.swift */,
			);
			path = selectLanguageApp;
			sourceTree = "<group>";
		};
		29135B9A2BD1340D0004A8EC /* selectLanguageAppTests */ = {
			isa = PBXGroup;
			children = (
				29135B9B2BD1340D0004A8EC /* selectLanguageAppTests.swift */,
			);
			path = selectLanguageAppTests;
			sourceTree = "<group>";
		};
		29135BA42BD1340D0004A8EC /* selectLanguageAppUITests */ = {
			isa = PBXGroup;
			children = (
				29135BA52BD1340D0004A8EC /* selectLanguageAppUITests.swift */,
				29135BA72BD1340D0004A8EC /* selectLanguageAppUITestsLaunchTests.swift */,
			);
			path = selectLanguageAppUITests;
			sourceTree = "<group>";
		};
/* End PBXGroup section */

/* Begin PBXNativeTarget section */
		29135B802BD1340B0004A8EC /* selectLanguageApp */ = {
			isa = PBXNativeTarget;
			buildConfigurationList = 29135BAB2BD1340D0004A8EC /* Build configuration list for PBXNativeTarget "selectLanguageApp" */;
			buildPhases = (
				9A1D541E9CFD4DE18170C642 /* [CP] Check Pods Manifest.lock */,
				29135B7D2BD1340B0004A8EC /* Sources */,
				29135B7E2BD1340B0004A8EC /* Frameworks */,
				29135B7F2BD1340B0004A8EC /* Resources */,
				E3A75F4280BA52D34FF5A578 /* [CP] Embed Pods Frameworks */,
			);
			buildRules = (
			);
			dependencies = (
			);
			name = selectLanguageApp;
			productName = selectLanguageApp;
			productReference = 29135B812BD1340B0004A8EC /* selectLanguageApp.app */;
			productType = "com.apple.product-type.application";
		};
		29135B962BD1340D0004A8EC /* selectLanguageAppTests */ = {
			isa = PBXNativeTarget;
			buildConfigurationList = 29135BAE2BD1340D0004A8EC /* Build configuration list for PBXNativeTarget "selectLanguageAppTests" */;
			buildPhases = (
				29135B932BD1340D0004A8EC /* Sources */,
				29135B942BD1340D0004A8EC /* Frameworks */,
				29135B952BD1340D0004A8EC /* Resources */,
			);
			buildRules = (
			);
			dependencies = (
				29135B992BD1340D0004A8EC /* PBXTargetDependency */,
			);
			name = selectLanguageAppTests;
			productName = selectLanguageAppTests;
			productReference = 29135B972BD1340D0004A8EC /* selectLanguageAppTests.xctest */;
			productType = "com.apple.product-type.bundle.unit-test";
		};
		29135BA02BD1340D0004A8EC /* selectLanguageAppUITests */ = {
			isa = PBXNativeTarget;
			buildConfigurationList = 29135BB12BD1340D0004A8EC /* Build configuration list for PBXNativeTarget "selectLanguageAppUITests" */;
			buildPhases = (
				29135B9D2BD1340D0004A8EC /* Sources */,
				29135B9E2BD1340D0004A8EC /* Frameworks */,
				29135B9F2BD1340D0004A8EC /* Resources */,
			);
			buildRules = (
			);
			dependencies = (
				29135BA32BD1340D0004A8EC /* PBXTargetDependency */,
			);
			name = selectLanguageAppUITests;
			productName = selectLanguageAppUITests;
			productReference = 29135BA12BD1340D0004A8EC /* selectLanguageAppUITests.xctest */;
			productType = "com.apple.product-type.bundle.ui-testing";
		};
/* End PBXNativeTarget section */

/* Begin PBXProject section */
		29135B792BD1340B0004A8EC /* Project object */ = {
			isa = PBXProject;
			attributes = {
				BuildIndependentTargetsInParallel = 1;
				LastSwiftUpdateCheck = 1520;
				LastUpgradeCheck = 1520;
				TargetAttributes = {
					29135B802BD1340B0004A8EC = {
						CreatedOnToolsVersion = 15.2;
					};
					29135B962BD1340D0004A8EC = {
						CreatedOnToolsVersion = 15.2;
						TestTargetID = 29135B802BD1340B0004A8EC;
					};
					29135BA02BD1340D0004A8EC = {
						CreatedOnToolsVersion = 15.2;
						TestTargetID = 29135B802BD1340B0004A8EC;
					};
				};
			};
			buildConfigurationList = 29135B7C2BD1340B0004A8EC /* Build configuration list for PBXProject "selectLanguageApp" */;
			compatibilityVersion = "Xcode 14.0";
			developmentRegion = ja;
			hasScannedForEncodings = 0;
			knownRegions = (
				en,
				Base,
				ja,
			);
			mainGroup = 29135B782BD1340B0004A8EC;
			productRefGroup = 29135B822BD1340B0004A8EC /* Products */;
			projectDirPath = "";
			projectRoot = "";
			targets = (
				29135B802BD1340B0004A8EC /* selectLanguageApp */,
				29135B962BD1340D0004A8EC /* selectLanguageAppTests */,
				29135BA02BD1340D0004A8EC /* selectLanguageAppUITests */,
			);
		};
/* End PBXProject section */

/* Begin PBXResourcesBuildPhase section */
		29135B7F2BD1340B0004A8EC /* Resources */ = {
			isa = PBXResourcesBuildPhase;
			buildActionMask = 2147483647;
			files = (
				29135BC02BD139F10004A8EC /* Localizable.strings in Resources */,
				29135BC62BD13F8B0004A8EC /* Sheet.storyboard in Resources */,
				29135B912BD1340D0004A8EC /* LaunchScreen.storyboard in Resources */,
				29135B8E2BD1340D0004A8EC /* Assets.xcassets in Resources */,
				29135B8C2BD1340B0004A8EC /* Main.storyboard in Resources */,
			);
			runOnlyForDeploymentPostprocessing = 0;
		};
		29135B952BD1340D0004A8EC /* Resources */ = {
			isa = PBXResourcesBuildPhase;
			buildActionMask = 2147483647;
			files = (
			);
			runOnlyForDeploymentPostprocessing = 0;
		};
		29135B9F2BD1340D0004A8EC /* Resources */ = {
			isa = PBXResourcesBuildPhase;
			buildActionMask = 2147483647;
			files = (
			);
			runOnlyForDeploymentPostprocessing = 0;
		};
/* End PBXResourcesBuildPhase section */

/* Begin PBXShellScriptBuildPhase section */
		9A1D541E9CFD4DE18170C642 /* [CP] Check Pods Manifest.lock */ = {
			isa = PBXShellScriptBuildPhase;
			buildActionMask = 2147483647;
			files = (
			);
			inputFileListPaths = (
			);
			inputPaths = (
				"${PODS_PODFILE_DIR_PATH}/Podfile.lock",
				"${PODS_ROOT}/Manifest.lock",
			);
			name = "[CP] Check Pods Manifest.lock";
			outputFileListPaths = (
			);
			outputPaths = (
				"$(DERIVED_FILE_DIR)/Pods-selectLanguageApp-checkManifestLockResult.txt",
			);
			runOnlyForDeploymentPostprocessing = 0;
			shellPath = /bin/sh;
			shellScript = "diff \"${PODS_PODFILE_DIR_PATH}/Podfile.lock\" \"${PODS_ROOT}/Manifest.lock\" > /dev/null\nif [ $? != 0 ] ; then\n    # print error to STDERR\n    echo \"error: The sandbox is not in sync with the Podfile.lock. Run 'pod install' or update your CocoaPods installation.\" >&2\n    exit 1\nfi\n# This output is used by Xcode 'outputs' to avoid re-running this script phase.\necho \"SUCCESS\" > \"${SCRIPT_OUTPUT_FILE_0}\"\n";
			showEnvVarsInLog = 0;
		};
		E3A75F4280BA52D34FF5A578 /* [CP] Embed Pods Frameworks */ = {
			isa = PBXShellScriptBuildPhase;
			buildActionMask = 2147483647;
			files = (
			);
			inputFileListPaths = (
				"${PODS_ROOT}/Target Support Files/Pods-selectLanguageApp/Pods-selectLanguageApp-frameworks-${CONFIGURATION}-input-files.xcfilelist",
			);
			name = "[CP] Embed Pods Frameworks";
			outputFileListPaths = (
				"${PODS_ROOT}/Target Support Files/Pods-selectLanguageApp/Pods-selectLanguageApp-frameworks-${CONFIGURATION}-output-files.xcfilelist",
			);
			runOnlyForDeploymentPostprocessing = 0;
			shellPath = /bin/sh;
			shellScript = "\"${PODS_ROOT}/Target Support Files/Pods-selectLanguageApp/Pods-selectLanguageApp-frameworks.sh\"\n";
			showEnvVarsInLog = 0;
		};
/* End PBXShellScriptBuildPhase section */

/* Begin PBXSourcesBuildPhase section */
		29135B7D2BD1340B0004A8EC /* Sources */ = {
			isa = PBXSourcesBuildPhase;
			buildActionMask = 2147483647;
			files = (
				2976EEAD2BD160C60039A327 /* IBUtil.swift in Sources */,
				29135BC52BD13A5D0004A8EC /* SelectLanguageViewController.swift in Sources */,
				29135B892BD1340B0004A8EC /* ViewController.swift in Sources */,
				29135B852BD1340B0004A8EC /* AppDelegate.swift in Sources */,
				29135B872BD1340B0004A8EC /* SceneDelegate.swift in Sources */,
			);
			runOnlyForDeploymentPostprocessing = 0;
		};
		29135B932BD1340D0004A8EC /* Sources */ = {
			isa = PBXSourcesBuildPhase;
			buildActionMask = 2147483647;
			files = (
				29135B9C2BD1340D0004A8EC /* selectLanguageAppTests.swift in Sources */,
			);
			runOnlyForDeploymentPostprocessing = 0;
		};
		29135B9D2BD1340D0004A8EC /* Sources */ = {
			isa = PBXSourcesBuildPhase;
			buildActionMask = 2147483647;
			files = (
				29135BA82BD1340D0004A8EC /* selectLanguageAppUITestsLaunchTests.swift in Sources */,
				29135BA62BD1340D0004A8EC /* selectLanguageAppUITests.swift in Sources */,
			);
			runOnlyForDeploymentPostprocessing = 0;
		};
/* End PBXSourcesBuildPhase section */

/* Begin PBXTargetDependency section */
		29135B992BD1340D0004A8EC /* PBXTargetDependency */ = {
			isa = PBXTargetDependency;
			target = 29135B802BD1340B0004A8EC /* selectLanguageApp */;
			targetProxy = 29135B982BD1340D0004A8EC /* PBXContainerItemProxy */;
		};
		29135BA32BD1340D0004A8EC /* PBXTargetDependency */ = {
			isa = PBXTargetDependency;
			target = 29135B802BD1340B0004A8EC /* selectLanguageApp */;
			targetProxy = 29135BA22BD1340D0004A8EC /* PBXContainerItemProxy */;
		};
/* End PBXTargetDependency section */

/* Begin PBXVariantGroup section */
		29135B8A2BD1340B0004A8EC /* Main.storyboard */ = {
			isa = PBXVariantGroup;
			children = (
				29135B8B2BD1340B0004A8EC /* Base */,
			);
			name = Main.storyboard;
			sourceTree = "<group>";
		};
		29135B8F2BD1340D0004A8EC /* LaunchScreen.storyboard */ = {
			isa = PBXVariantGroup;
			children = (
				29135B902BD1340D0004A8EC /* Base */,
				29135BBC2BD139CE0004A8EC /* ja */,
			);
			name = LaunchScreen.storyboard;
			sourceTree = "<group>";
		};
		29135BC22BD139F10004A8EC /* Localizable.strings */ = {
			isa = PBXVariantGroup;
			children = (
				29135BC12BD139F10004A8EC /* ja */,
				29135BC32BD13A000004A8EC /* en */,
			);
			name = Localizable.strings;
			sourceTree = "<group>";
		};
		29135BC82BD13F8B0004A8EC /* Sheet.storyboard */ = {
			isa = PBXVariantGroup;
			children = (
				29135BC72BD13F8B0004A8EC /* Base */,
				29135BC92BD13F8B0004A8EC /* mul */,
			);
			name = Sheet.storyboard;
			sourceTree = "<group>";
		};
/* End PBXVariantGroup section */

/* Begin XCBuildConfiguration section */
		29135BA92BD1340D0004A8EC /* Debug */ = {
			isa = XCBuildConfiguration;
			buildSettings = {
				ALWAYS_SEARCH_USER_PATHS = NO;
				ASSETCATALOG_COMPILER_GENERATE_SWIFT_ASSET_SYMBOL_EXTENSIONS = YES;
				CLANG_ANALYZER_LOCALIZABILITY_NONLOCALIZED = YES;
				CLANG_ANALYZER_NONNULL = YES;
				CLANG_ANALYZER_NUMBER_OBJECT_CONVERSION = YES_AGGRESSIVE;
				CLANG_CXX_LANGUAGE_STANDARD = "gnu++20";
				CLANG_ENABLE_MODULES = YES;
				CLANG_ENABLE_OBJC_ARC = YES;
				CLANG_ENABLE_OBJC_WEAK = YES;
				CLANG_WARN_BLOCK_CAPTURE_AUTORELEASING = YES;
				CLANG_WARN_BOOL_CONVERSION = YES;
				CLANG_WARN_COMMA = YES;
				CLANG_WARN_CONSTANT_CONVERSION = YES;
				CLANG_WARN_DEPRECATED_OBJC_IMPLEMENTATIONS = YES;
				CLANG_WARN_DIRECT_OBJC_ISA_USAGE = YES_ERROR;
				CLANG_WARN_DOCUMENTATION_COMMENTS = YES;
				CLANG_WARN_EMPTY_BODY = YES;
				CLANG_WARN_ENUM_CONVERSION = YES;
				CLANG_WARN_INFINITE_RECURSION = YES;
				CLANG_WARN_INT_CONVERSION = YES;
				CLANG_WARN_NON_LITERAL_NULL_CONVERSION = YES;
				CLANG_WARN_OBJC_IMPLICIT_RETAIN_SELF = YES;
				CLANG_WARN_OBJC_LITERAL_CONVERSION = YES;
				CLANG_WARN_OBJC_ROOT_CLASS = YES_ERROR;
				CLANG_WARN_QUOTED_INCLUDE_IN_FRAMEWORK_HEADER = YES;
				CLANG_WARN_RANGE_LOOP_ANALYSIS = YES;
				CLANG_WARN_STRICT_PROTOTYPES = YES;
				CLANG_WARN_SUSPICIOUS_MOVE = YES;
				CLANG_WARN_UNGUARDED_AVAILABILITY = YES_AGGRESSIVE;
				CLANG_WARN_UNREACHABLE_CODE = YES;
				CLANG_WARN__DUPLICATE_METHOD_MATCH = YES;
				COPY_PHASE_STRIP = NO;
				DEBUG_INFORMATION_FORMAT = dwarf;
				ENABLE_STRICT_OBJC_MSGSEND = YES;
				ENABLE_TESTABILITY = YES;
				ENABLE_USER_SCRIPT_SANDBOXING = YES;
				GCC_C_LANGUAGE_STANDARD = gnu17;
				GCC_DYNAMIC_NO_PIC = NO;
				GCC_NO_COMMON_BLOCKS = YES;
				GCC_OPTIMIZATION_LEVEL = 0;
				GCC_PREPROCESSOR_DEFINITIONS = (
					"DEBUG=1",
					"$(inherited)",
				);
				GCC_WARN_64_TO_32_BIT_CONVERSION = YES;
				GCC_WARN_ABOUT_RETURN_TYPE = YES_ERROR;
				GCC_WARN_UNDECLARED_SELECTOR = YES;
				GCC_WARN_UNINITIALIZED_AUTOS = YES_AGGRESSIVE;
				GCC_WARN_UNUSED_FUNCTION = YES;
				GCC_WARN_UNUSED_VARIABLE = YES;
				IPHONEOS_DEPLOYMENT_TARGET = 17.2;
				LOCALIZATION_PREFERS_STRING_CATALOGS = YES;
				MTL_ENABLE_DEBUG_INFO = INCLUDE_SOURCE;
				MTL_FAST_MATH = YES;
				ONLY_ACTIVE_ARCH = YES;
				SDKROOT = iphoneos;
				SWIFT_ACTIVE_COMPILATION_CONDITIONS = "DEBUG $(inherited)";
				SWIFT_OPTIMIZATION_LEVEL = "-Onone";
			};
			name = Debug;
		};
		29135BAA2BD1340D0004A8EC /* Release */ = {
			isa = XCBuildConfiguration;
			buildSettings = {
				ALWAYS_SEARCH_USER_PATHS = NO;
				ASSETCATALOG_COMPILER_GENERATE_SWIFT_ASSET_SYMBOL_EXTENSIONS = YES;
				CLANG_ANALYZER_LOCALIZABILITY_NONLOCALIZED = YES;
				CLANG_ANALYZER_NONNULL = YES;
				CLANG_ANALYZER_NUMBER_OBJECT_CONVERSION = YES_AGGRESSIVE;
				CLANG_CXX_LANGUAGE_STANDARD = "gnu++20";
				CLANG_ENABLE_MODULES = YES;
				CLANG_ENABLE_OBJC_ARC = YES;
				CLANG_ENABLE_OBJC_WEAK = YES;
				CLANG_WARN_BLOCK_CAPTURE_AUTORELEASING = YES;
				CLANG_WARN_BOOL_CONVERSION = YES;
				CLANG_WARN_COMMA = YES;
				CLANG_WARN_CONSTANT_CONVERSION = YES;
				CLANG_WARN_DEPRECATED_OBJC_IMPLEMENTATIONS = YES;
				CLANG_WARN_DIRECT_OBJC_ISA_USAGE = YES_ERROR;
				CLANG_WARN_DOCUMENTATION_COMMENTS = YES;
				CLANG_WARN_EMPTY_BODY = YES;
				CLANG_WARN_ENUM_CONVERSION = YES;
				CLANG_WARN_INFINITE_RECURSION = YES;
				CLANG_WARN_INT_CONVERSION = YES;
				CLANG_WARN_NON_LITERAL_NULL_CONVERSION = YES;
				CLANG_WARN_OBJC_IMPLICIT_RETAIN_SELF = YES;
				CLANG_WARN_OBJC_LITERAL_CONVERSION = YES;
				CLANG_WARN_OBJC_ROOT_CLASS = YES_ERROR;
				CLANG_WARN_QUOTED_INCLUDE_IN_FRAMEWORK_HEADER = YES;
				CLANG_WARN_RANGE_LOOP_ANALYSIS = YES;
				CLANG_WARN_STRICT_PROTOTYPES = YES;
				CLANG_WARN_SUSPICIOUS_MOVE = YES;
				CLANG_WARN_UNGUARDED_AVAILABILITY = YES_AGGRESSIVE;
				CLANG_WARN_UNREACHABLE_CODE = YES;
				CLANG_WARN__DUPLICATE_METHOD_MATCH = YES;
				COPY_PHASE_STRIP = NO;
				DEBUG_INFORMATION_FORMAT = "dwarf-with-dsym";
				ENABLE_NS_ASSERTIONS = NO;
				ENABLE_STRICT_OBJC_MSGSEND = YES;
				ENABLE_USER_SCRIPT_SANDBOXING = YES;
				GCC_C_LANGUAGE_STANDARD = gnu17;
				GCC_NO_COMMON_BLOCKS = YES;
				GCC_WARN_64_TO_32_BIT_CONVERSION = YES;
				GCC_WARN_ABOUT_RETURN_TYPE = YES_ERROR;
				GCC_WARN_UNDECLARED_SELECTOR = YES;
				GCC_WARN_UNINITIALIZED_AUTOS = YES_AGGRESSIVE;
				GCC_WARN_UNUSED_FUNCTION = YES;
				GCC_WARN_UNUSED_VARIABLE = YES;
				IPHONEOS_DEPLOYMENT_TARGET = 17.2;
				LOCALIZATION_PREFERS_STRING_CATALOGS = YES;
				MTL_ENABLE_DEBUG_INFO = NO;
				MTL_FAST_MATH = YES;
				SDKROOT = iphoneos;
				SWIFT_COMPILATION_MODE = wholemodule;
				VALIDATE_PRODUCT = YES;
			};
			name = Release;
		};
		29135BAC2BD1340D0004A8EC /* Debug */ = {
			isa = XCBuildConfiguration;
			baseConfigurationReference = FA5DF5659D727636BEFD3AFB /* Pods-selectLanguageApp.debug.xcconfig */;
			buildSettings = {
				ASSETCATALOG_COMPILER_APPICON_NAME = AppIcon;
				ASSETCATALOG_COMPILER_GLOBAL_ACCENT_COLOR_NAME = AccentColor;
				CODE_SIGN_STYLE = Automatic;
				CURRENT_PROJECT_VERSION = 1;
				DEVELOPMENT_TEAM = DSNRU2C2CY;
				ENABLE_USER_SCRIPT_SANDBOXING = NO;
				GENERATE_INFOPLIST_FILE = YES;
				INFOPLIST_FILE = selectLanguageApp/Info.plist;
				INFOPLIST_KEY_UIApplicationSupportsIndirectInputEvents = YES;
				INFOPLIST_KEY_UILaunchStoryboardName = LaunchScreen;
				INFOPLIST_KEY_UIMainStoryboardFile = Main;
				INFOPLIST_KEY_UISupportedInterfaceOrientations_iPad = "UIInterfaceOrientationPortrait UIInterfaceOrientationPortraitUpsideDown UIInterfaceOrientationLandscapeLeft UIInterfaceOrientationLandscapeRight";
				INFOPLIST_KEY_UISupportedInterfaceOrientations_iPhone = "UIInterfaceOrientationPortrait UIInterfaceOrientationLandscapeLeft UIInterfaceOrientationLandscapeRight";
				LD_RUNPATH_SEARCH_PATHS = (
					"$(inherited)",
					"@executable_path/Frameworks",
				);
				MARKETING_VERSION = 1.0;
				PRODUCT_BUNDLE_IDENTIFIER = selectLanguageApp.selectLanguageApp;
				PRODUCT_NAME = "$(TARGET_NAME)";
				SWIFT_EMIT_LOC_STRINGS = YES;
				SWIFT_VERSION = 5.0;
				TARGETED_DEVICE_FAMILY = "1,2";
			};
			name = Debug;
		};
		29135BAD2BD1340D0004A8EC /* Release */ = {
			isa = XCBuildConfiguration;
			baseConfigurationReference = C49AA40579ABF0D47B3141F2 /* Pods-selectLanguageApp.release.xcconfig */;
			buildSettings = {
				ASSETCATALOG_COMPILER_APPICON_NAME = AppIcon;
				ASSETCATALOG_COMPILER_GLOBAL_ACCENT_COLOR_NAME = AccentColor;
				CODE_SIGN_STYLE = Automatic;
				CURRENT_PROJECT_VERSION = 1;
				DEVELOPMENT_TEAM = DSNRU2C2CY;
				ENABLE_USER_SCRIPT_SANDBOXING = NO;
				GENERATE_INFOPLIST_FILE = YES;
				INFOPLIST_FILE = selectLanguageApp/Info.plist;
				INFOPLIST_KEY_UIApplicationSupportsIndirectInputEvents = YES;
				INFOPLIST_KEY_UILaunchStoryboardName = LaunchScreen;
				INFOPLIST_KEY_UIMainStoryboardFile = Main;
				INFOPLIST_KEY_UISupportedInterfaceOrientations_iPad = "UIInterfaceOrientationPortrait UIInterfaceOrientationPortraitUpsideDown UIInterfaceOrientationLandscapeLeft UIInterfaceOrientationLandscapeRight";
				INFOPLIST_KEY_UISupportedInterfaceOrientations_iPhone = "UIInterfaceOrientationPortrait UIInterfaceOrientationLandscapeLeft UIInterfaceOrientationLandscapeRight";
				LD_RUNPATH_SEARCH_PATHS = (
					"$(inherited)",
					"@executable_path/Frameworks",
				);
				MARKETING_VERSION = 1.0;
				PRODUCT_BUNDLE_IDENTIFIER = selectLanguageApp.selectLanguageApp;
				PRODUCT_NAME = "$(TARGET_NAME)";
				SWIFT_EMIT_LOC_STRINGS = YES;
				SWIFT_VERSION = 5.0;
				TARGETED_DEVICE_FAMILY = "1,2";
			};
			name = Release;
		};
		29135BAF2BD1340D0004A8EC /* Debug */ = {
			isa = XCBuildConfiguration;
			buildSettings = {
				ALWAYS_EMBED_SWIFT_STANDARD_LIBRARIES = YES;
				BUNDLE_LOADER = "$(TEST_HOST)";
				CODE_SIGN_STYLE = Automatic;
				CURRENT_PROJECT_VERSION = 1;
				GENERATE_INFOPLIST_FILE = YES;
				IPHONEOS_DEPLOYMENT_TARGET = 17.2;
				MARKETING_VERSION = 1.0;
				PRODUCT_BUNDLE_IDENTIFIER = selectLanguageApp.selectLanguageAppTests;
				PRODUCT_NAME = "$(TARGET_NAME)";
				SWIFT_EMIT_LOC_STRINGS = NO;
				SWIFT_VERSION = 5.0;
				TARGETED_DEVICE_FAMILY = "1,2";
				TEST_HOST = "$(BUILT_PRODUCTS_DIR)/selectLanguageApp.app/$(BUNDLE_EXECUTABLE_FOLDER_PATH)/selectLanguageApp";
			};
			name = Debug;
		};
		29135BB02BD1340D0004A8EC /* Release */ = {
			isa = XCBuildConfiguration;
			buildSettings = {
				ALWAYS_EMBED_SWIFT_STANDARD_LIBRARIES = YES;
				BUNDLE_LOADER = "$(TEST_HOST)";
				CODE_SIGN_STYLE = Automatic;
				CURRENT_PROJECT_VERSION = 1;
				GENERATE_INFOPLIST_FILE = YES;
				IPHONEOS_DEPLOYMENT_TARGET = 17.2;
				MARKETING_VERSION = 1.0;
				PRODUCT_BUNDLE_IDENTIFIER = selectLanguageApp.selectLanguageAppTests;
				PRODUCT_NAME = "$(TARGET_NAME)";
				SWIFT_EMIT_LOC_STRINGS = NO;
				SWIFT_VERSION = 5.0;
				TARGETED_DEVICE_FAMILY = "1,2";
				TEST_HOST = "$(BUILT_PRODUCTS_DIR)/selectLanguageApp.app/$(BUNDLE_EXECUTABLE_FOLDER_PATH)/selectLanguageApp";
			};
			name = Release;
		};
		29135BB22BD1340D0004A8EC /* Debug */ = {
			isa = XCBuildConfiguration;
			buildSettings = {
				ALWAYS_EMBED_SWIFT_STANDARD_LIBRARIES = YES;
				CODE_SIGN_STYLE = Automatic;
				CURRENT_PROJECT_VERSION = 1;
				GENERATE_INFOPLIST_FILE = YES;
				MARKETING_VERSION = 1.0;
				PRODUCT_BUNDLE_IDENTIFIER = selectLanguageApp.selectLanguageAppUITests;
				PRODUCT_NAME = "$(TARGET_NAME)";
				SWIFT_EMIT_LOC_STRINGS = NO;
				SWIFT_VERSION = 5.0;
				TARGETED_DEVICE_FAMILY = "1,2";
				TEST_TARGET_NAME = selectLanguageApp;
			};
			name = Debug;
		};
		29135BB32BD1340D0004A8EC /* Release */ = {
			isa = XCBuildConfiguration;
			buildSettings = {
				ALWAYS_EMBED_SWIFT_STANDARD_LIBRARIES = YES;
				CODE_SIGN_STYLE = Automatic;
				CURRENT_PROJECT_VERSION = 1;
				GENERATE_INFOPLIST_FILE = YES;
				MARKETING_VERSION = 1.0;
				PRODUCT_BUNDLE_IDENTIFIER = selectLanguageApp.selectLanguageAppUITests;
				PRODUCT_NAME = "$(TARGET_NAME)";
				SWIFT_EMIT_LOC_STRINGS = NO;
				SWIFT_VERSION = 5.0;
				TARGETED_DEVICE_FAMILY = "1,2";
				TEST_TARGET_NAME = selectLanguageApp;
			};
			name = Release;
		};
/* End XCBuildConfiguration section */

/* Begin XCConfigurationList section */
		29135B7C2BD1340B0004A8EC /* Build configuration list for PBXProject "selectLanguageApp" */ = {
			isa = XCConfigurationList;
			buildConfigurations = (
				29135BA92BD1340D0004A8EC /* Debug */,
				29135BAA2BD1340D0004A8EC /* Release */,
			);
			defaultConfigurationIsVisible = 0;
			defaultConfigurationName = Release;
		};
		29135BAB2BD1340D0004A8EC /* Build configuration list for PBXNativeTarget "selectLanguageApp" */ = {
			isa = XCConfigurationList;
			buildConfigurations = (
				29135BAC2BD1340D0004A8EC /* Debug */,
				29135BAD2BD1340D0004A8EC /* Release */,
			);
			defaultConfigurationIsVisible = 0;
			defaultConfigurationName = Release;
		};
		29135BAE2BD1340D0004A8EC /* Build configuration list for PBXNativeTarget "selectLanguageAppTests" */ = {
			isa = XCConfigurationList;
			buildConfigurations = (
				29135BAF2BD1340D0004A8EC /* Debug */,
				29135BB02BD1340D0004A8EC /* Release */,
			);
			defaultConfigurationIsVisible = 0;
			defaultConfigurationName = Release;
		};
		29135BB12BD1340D0004A8EC /* Build configuration list for PBXNativeTarget "selectLanguageAppUITests" */ = {
			isa = XCConfigurationList;
			buildConfigurations = (
				29135BB22BD1340D0004A8EC /* Debug */,
				29135BB32BD1340D0004A8EC /* Release */,
			);
			defaultConfigurationIsVisible = 0;
			defaultConfigurationName = Release;
		};
/* End XCConfigurationList section */
	};
	rootObject = 29135B792BD1340B0004A8EC /* Project object */;
}
